{
  "requires": true,
  "lockfileVersion": 1,
  "dependencies": {
    "cesium": {
      "version": "1.86.1",
      "resolved": "https://registry.npmjs.org/cesium/-/cesium-1.86.1.tgz",
      "integrity": "sha512-LLgkPVVTTcmN2h781C4PAZRD11/4mmSWUDF7A/MPnwsnhOQhBE40FVNHzEUEnv+lCL1U+Yqdc3IloVB8EkIJhA=="
    }
  }
}
